
Microsoft Visual Studio Solution File, Format Version 12.00
# Visual Studio Version 17
VisualStudioVersion = 17.0.31903.59
MinimumVisualStudioVersion = 10.0.40219.1
Project("{2150E333-8FDC-42A3-9474-1A3956D46DE8}") = "src", "src", "{827E0CD3-B72D-47B6-A68D-7590B98EB39B}"
EndProject
Project("{FAE04EC0-301F-11D3-BF4B-00C04F79EFBC}") = "BaresFamilia.Nube.Api", "src\BaresFamilia.Nube.Api\BaresFamilia.Nube.Api.csproj", "{4B9A9A04-A931-44A7-AF57-09FABD907D12}"
EndProject
Project("{FAE04EC0-301F-11D3-BF4B-00C04F79EFBC}") = "BaresFamilia.Local.Api", "src\BaresFamilia.Local.Api\BaresFamilia.Local.Api.csproj", "{5AC49926-DACA-4FD2-813C-5B73C49F324E}"
EndProject
Project("{FAE04EC0-301F-11D3-BF4B-00C04F79EFBC}") = "BaresFamilia.Core.Models", "src\BaresFamilia.Core.Models\BaresFamilia.Core.Models.csproj", "{51957E36-829D-424E-937A-A7349BFB8A5B}"
EndProject
Project("{FAE04EC0-301F-11D3-BF4B-00C04F79EFBC}") = "BaresFamilia.Infrastructure", "src\BaresFamilia.Infrastructure\BaresFamilia.Infrastructure.csproj", "{5558E265-8D71-46E3-AF3E-381E57F91A7B}"
EndProject
Project("{FAE04EC0-301F-11D3-BF4B-00C04F79EFBC}") = "BaresFamilia.Fiscal.Engine", "src\BaresFamilia.Fiscal.Engine\BaresFamilia.Fiscal.Engine.csproj", "{11E473B1-A755-4960-96EA-BADB40A4E611}"
EndProject
Project("{FAE04EC0-301F-11D3-BF4B-00C04F79EFBC}") = "BaresFamilia.Printing.Cli", "src\BaresFamilia.Printing.Cli\BaresFamilia.Printing.Cli.csproj", "{C8154DC7-D442-43F9-B7B5-227F8F528553}"
EndProject
Project("{FAE04EC0-301F-11D3-BF4B-00C04F79EFBC}") = "BaresFamilia.Fiscal.Cli", "src\BaresFamilia.Fiscal.Cli\BaresFamilia.Fiscal.Cli.csproj", "{0A9B20F2-099B-4B9F-8F07-7C4CB072381A}"
EndProject
Project("{FAE04EC0-301F-11D3-BF4B-00C04F79EFBC}") = "BaresFamilia.PrintBridge", "src\BaresFamilia.PrintBridge\BaresFamilia.PrintBridge.csproj", "{F7C1AD4F-DF92-4616-8B9E-7E806CF8452D}"
EndProject
Global
	GlobalSection(SolutionConfigurationPlatforms) = preSolution
		Debug|Any CPU = Debug|Any CPU
		Debug|x64 = Debug|x64
		Debug|x86 = Debug|x86
		Release|Any CPU = Release|Any CPU
		Release|x64 = Release|x64
		Release|x86 = Release|x86
	EndGlobalSection
	GlobalSection(ProjectConfigurationPlatforms) = postSolution
		{4B9A9A04-A931-44A7-AF57-09FABD907D12}.Debug|Any CPU.ActiveCfg = Debug|Any CPU
		{4B9A9A04-A931-44A7-AF57-09FABD907D12}.Debug|Any CPU.Build.0 = Debug|Any CPU
		{4B9A9A04-A931-44A7-AF57-09FABD907D12}.Debug|x64.ActiveCfg = Debug|Any CPU
		{4B9A9A04-A931-44A7-AF57-09FABD907D12}.Debug|x64.Build.0 = Debug|Any CPU
		{4B9A9A04-A931-44A7-AF57-09FABD907D12}.Debug|x86.ActiveCfg = Debug|Any CPU
		{4B9A9A04-A931-44A7-AF57-09FABD907D12}.Debug|x86.Build.0 = Debug|Any CPU
		{4B9A9A04-A931-44A7-AF57-09FABD907D12}.Release|Any CPU.ActiveCfg = Release|Any CPU
		{4B9A9A04-A931-44A7-AF57-09FABD907D12}.Release|Any CPU.Build.0 = Release|Any CPU
		{4B9A9A04-A931-44A7-AF57-09FABD907D12}.Release|x64.ActiveCfg = Release|Any CPU
		{4B9A9A04-A931-44A7-AF57-09FABD907D12}.Release|x64.Build.0 = Release|Any CPU
		{4B9A9A04-A931-44A7-AF57-09FABD907D12}.Release|x86.ActiveCfg = Release|Any CPU
		{4B9A9A04-A931-44A7-AF57-09FABD907D12}.Release|x86.Build.0 = Release|Any CPU
		{5AC49926-DACA-4FD2-813C-5B73C49F324E}.Debug|Any CPU.ActiveCfg = Debug|Any CPU
		{5AC49926-DACA-4FD2-813C-5B73C49F324E}.Debug|Any CPU.Build.0 = Debug|Any CPU
		{5AC49926-DACA-4FD2-813C-5B73C49F324E}.Debug|x64.ActiveCfg = Debug|Any CPU
		{5AC49926-DACA-4FD2-813C-5B73C49F324E}.Debug|x64.Build.0 = Debug|Any CPU
		{5AC49926-DACA-4FD2-813C-5B73C49F324E}.Debug|x86.ActiveCfg = Debug|Any CPU
		{5AC49926-DACA-4FD2-813C-5B73C49F324E}.Debug|x86.Build.0 = Debug|Any CPU
		{5AC49926-DACA-4FD2-813C-5B73C49F324E}.Release|Any CPU.ActiveCfg = Release|Any CPU
		{5AC49926-DACA-4FD2-813C-5B73C49F324E}.Release|Any CPU.Build.0 = Release|Any CPU
		{5AC49926-DACA-4FD2-813C-5B73C49F324E}.Release|x64.ActiveCfg = Release|Any CPU
		{5AC49926-DACA-4FD2-813C-5B73C49F324E}.Release|x64.Build.0 = Release|Any CPU
		{5AC49926-DACA-4FD2-813C-5B73C49F324E}.Release|x86.ActiveCfg = Release|Any CPU
		{5AC49926-DACA-4FD2-813C-5B73C49F324E}.Release|x86.Build.0 = Release|Any CPU
		{51957E36-829D-424E-937A-A7349BFB8A5B}.Debug|Any CPU.ActiveCfg = Debug|Any CPU
		{51957E36-829D-424E-937A-A7349BFB8A5B}.Debug|Any CPU.Build.0 = Debug|Any CPU
		{51957E36-829D-424E-937A-A7349BFB8A5B}.Debug|x64.ActiveCfg = Debug|Any CPU
		{51957E36-829D-424E-937A-A7349BFB8A5B}.Debug|x64.Build.0 = Debug|Any CPU
		{51957E36-829D-424E-937A-A7349BFB8A5B}.Debug|x86.ActiveCfg = Debug|Any CPU
		{51957E36-829D-424E-937A-A7349BFB8A5B}.Debug|x86.Build.0 = Debug|Any CPU
		{51957E36-829D-424E-937A-A7349BFB8A5B}.Release|Any CPU.ActiveCfg = Release|Any CPU
		{51957E36-829D-424E-937A-A7349BFB8A5B}.Release|Any CPU.Build.0 = Release|Any CPU
		{51957E36-829D-424E-937A-A7349BFB8A5B}.Release|x64.ActiveCfg = Release|Any CPU
		{51957E36-829D-424E-937A-A7349BFB8A5B}.Release|x64.Build.0 = Release|Any CPU
		{51957E36-829D-424E-937A-A7349BFB8A5B}.Release|x86.ActiveCfg = Release|Any CPU
		{51957E36-829D-424E-937A-A7349BFB8A5B}.Release|x86.Build.0 = Release|Any CPU
		{5558E265-8D71-46E3-AF3E-381E57F91A7B}.Debug|Any CPU.ActiveCfg = Debug|Any CPU
		{5558E265-8D71-46E3-AF3E-381E57F91A7B}.Debug|Any CPU.Build.0 = Debug|Any CPU
		{5558E265-8D71-46E3-AF3E-381E57F91A7B}.Debug|x64.ActiveCfg = Debug|Any CPU
		{5558E265-8D71-46E3-AF3E-381E57F91A7B}.Debug|x64.Build.0 = Debug|Any CPU
		{5558E265-8D71-46E3-AF3E-381E57F91A7B}.Debug|x86.ActiveCfg = Debug|Any CPU
		{5558E265-8D71-46E3-AF3E-381E57F91A7B}.Debug|x86.Build.0 = Debug|Any CPU
		{5558E265-8D71-46E3-AF3E-381E57F91A7B}.Release|Any CPU.ActiveCfg = Release|Any CPU
		{5558E265-8D71-46E3-AF3E-381E57F91A7B}.Release|Any CPU.Build.0 = Release|Any CPU
		{5558E265-8D71-46E3-AF3E-381E57F91A7B}.Release|x64.ActiveCfg = Release|Any CPU
		{5558E265-8D71-46E3-AF3E-381E57F91A7B}.Release|x64.Build.0 = Release|Any CPU
		{5558E265-8D71-46E3-AF3E-381E57F91A7B}.Release|x86.ActiveCfg = Release|Any CPU
		{5558E265-8D71-46E3-AF3E-381E57F91A7B}.Release|x86.Build.0 = Release|Any CPU
		{11E473B1-A755-4960-96EA-BADB40A4E611}.Debug|Any CPU.ActiveCfg = Debug|Any CPU
		{11E473B1-A755-4960-96EA-BADB40A4E611}.Debug|Any CPU.Build.0 = Debug|Any CPU
		{11E473B1-A755-4960-96EA-BADB40A4E611}.Debug|x64.ActiveCfg = Debug|Any CPU
		{11E473B1-A755-4960-96EA-BADB40A4E611}.Debug|x64.Build.0 = Debug|Any CPU
		{11E473B1-A755-4960-96EA-BADB40A4E611}.Debug|x86.ActiveCfg = Debug|Any CPU
		{11E473B1-A755-4960-96EA-BADB40A4E611}.Debug|x86.Build.0 = Debug|Any CPU
		{11E473B1-A755-4960-96EA-BADB40A4E611}.Release|Any CPU.ActiveCfg = Release|Any CPU
		{11E473B1-A755-4960-96EA-BADB40A4E611}.Release|Any CPU.Build.0 = Release|Any CPU
		{11E473B1-A755-4960-96EA-BADB40A4E611}.Release|x64.ActiveCfg = Release|Any CPU
		{11E473B1-A755-4960-96EA-BADB40A4E611}.Release|x64.Build.0 = Release|Any CPU
		{11E473B1-A755-4960-96EA-BADB40A4E611}.Release|x86.ActiveCfg = Release|Any CPU
		{11E473B1-A755-4960-96EA-BADB40A4E611}.Release|x86.Build.0 = Release|Any CPU
		{C8154DC7-D442-43F9-B7B5-227F8F528553}.Debug|Any CPU.ActiveCfg = Debug|Any CPU
		{C8154DC7-D442-43F9-B7B5-227F8F528553}.Debug|Any CPU.Build.0 = Debug|Any CPU
		{C8154DC7-D442-43F9-B7B5-227F8F528553}.Debug|x64.ActiveCfg = Debug|Any CPU
		{C8154DC7-D442-43F9-B7B5-227F8F528553}.Debug|x64.Build.0 = Debug|Any CPU
		{C8154DC7-D442-43F9-B7B5-227F8F528553}.Debug|x86.ActiveCfg = Debug|Any CPU
		{C8154DC7-D442-43F9-B7B5-227F8F528553}.Debug|x86.Build.0 = Debug|Any CPU
		{C8154DC7-D442-43F9-B7B5-227F8F528553}.Release|Any CPU.ActiveCfg = Release|Any CPU
		{C8154DC7-D442-43F9-B7B5-227F8F528553}.Release|Any CPU.Build.0 = Release|Any CPU
		{C8154DC7-D442-43F9-B7B5-227F8F528553}.Release|x64.ActiveCfg = Release|Any CPU
		{C8154DC7-D442-43F9-B7B5-227F8F528553}.Release|x64.Build.0 = Release|Any CPU
		{C8154DC7-D442-43F9-B7B5-227F8F528553}.Release|x86.ActiveCfg = Release|Any CPU
		{C8154DC7-D442-43F9-B7B5-227F8F528553}.Release|x86.Build.0 = Release|Any CPU
		{0A9B20F2-099B-4B9F-8F07-7C4CB072381A}.Debug|Any CPU.ActiveCfg = Debug|Any CPU
		{0A9B20F2-099B-4B9F-8F07-7C4CB072381A}.Debug|Any CPU.Build.0 = Debug|Any CPU
		{0A9B20F2-099B-4B9F-8F07-7C4CB072381A}.Debug|x64.ActiveCfg = Debug|Any CPU
		{0A9B20F2-099B-4B9F-8F07-7C4CB072381A}.Debug|x64.Build.0 = Debug|Any CPU
		{0A9B20F2-099B-4B9F-8F07-7C4CB072381A}.Debug|x86.ActiveCfg = Debug|Any CPU
		{0A9B20F2-099B-4B9F-8F07-7C4CB072381A}.Debug|x86.Build.0 = Debug|Any CPU
		{0A9B20F2-099B-4B9F-8F07-7C4CB072381A}.Release|Any CPU.ActiveCfg = Release|Any CPU
		{0A9B20F2-099B-4B9F-8F07-7C4CB072381A}.Release|Any CPU.Build.0 = Release|Any CPU
		{0A9B20F2-099B-4B9F-8F07-7C4CB072381A}.Release|x64.ActiveCfg = Release|Any CPU
		{0A9B20F2-099B-4B9F-8F07-7C4CB072381A}.Release|x64.Build.0 = Release|Any CPU
		{0A9B20F2-099B-4B9F-8F07-7C4CB072381A}.Release|x86.ActiveCfg = Release|Any CPU
		{0A9B20F2-099B-4B9F-8F07-7C4CB072381A}.Release|x86.Build.0 = Release|Any CPU
		{F7C1AD4F-DF92-4616-8B9E-7E806CF8452D}.Debug|Any CPU.ActiveCfg = Debug|Any CPU
		{F7C1AD4F-DF92-4616-8B9E-7E806CF8452D}.Debug|Any CPU.Build.0 = Debug|Any CPU
		{F7C1AD4F-DF92-4616-8B9E-7E806CF8452D}.Debug|x64.ActiveCfg = Debug|Any CPU
		{F7C1AD4F-DF92-4616-8B9E-7E806CF8452D}.Debug|x64.Build.0 = Debug|Any CPU
		{F7C1AD4F-DF92-4616-8B9E-7E806CF8452D}.Debug|x86.ActiveCfg = Debug|Any CPU
		{F7C1AD4F-DF92-4616-8B9E-7E806CF8452D}.Debug|x86.Build.0 = Debug|Any CPU
		{F7C1AD4F-DF92-4616-8B9E-7E806CF8452D}.Release|Any CPU.ActiveCfg = Release|Any CPU
		{F7C1AD4F-DF92-4616-8B9E-7E806CF8452D}.Release|Any CPU.Build.0 = Release|Any CPU
		{F7C1AD4F-DF92-4616-8B9E-7E806CF8452D}.Release|x64.ActiveCfg = Release|Any CPU
		{F7C1AD4F-DF92-4616-8B9E-7E806CF8452D}.Release|x64.Build.0 = Release|Any CPU
		{F7C1AD4F-DF92-4616-8B9E-7E806CF8452D}.Release|x86.ActiveCfg = Release|Any CPU
		{F7C1AD4F-DF92-4616-8B9E-7E806CF8452D}.Release|x86.Build.0 = Release|Any CPU
	EndGlobalSection
	GlobalSection(SolutionProperties) = preSolution
		HideSolutionNode = FALSE
	EndGlobalSection
	GlobalSection(NestedProjects) = preSolution
		{4B9A9A04-A931-44A7-AF57-09FABD907D12} = {827E0CD3-B72D-47B6-A68D-7590B98EB39B}
		{5AC49926-DACA-4FD2-813C-5B73C49F324E} = {827E0CD3-B72D-47B6-A68D-7590B98EB39B}
		{51957E36-829D-424E-937A-A7349BFB8A5B} = {827E0CD3-B72D-47B6-A68D-7590B98EB39B}
		{5558E265-8D71-46E3-AF3E-381E57F91A7B} = {827E0CD3-B72D-47B6-A68D-7590B98EB39B}
		{11E473B1-A755-4960-96EA-BADB40A4E611} = {827E0CD3-B72D-47B6-A68D-7590B98EB39B}
		{C8154DC7-D442-43F9-B7B5-227F8F528553} = {827E0CD3-B72D-47B6-A68D-7590B98EB39B}
		{0A9B20F2-099B-4B9F-8F07-7C4CB072381A} = {827E0CD3-B72D-47B6-A68D-7590B98EB39B}
		{F7C1AD4F-DF92-4616-8B9E-7E806CF8452D} = {827E0CD3-B72D-47B6-A68D-7590B98EB39B}
	EndGlobalSection
EndGlobal
